
Microsoft Visual Studio Solution File, Format Version 12.00
# Visual Studio Version 16
VisualStudioVersion = 16.0.32428.217
MinimumVisualStudioVersion = 10.0.40219.1
Project("{FAE04EC0-301F-11D3-BF4B-00C04F79EFBC}") = "NumberGuesser", "NumberGuesser.csproj", "{8E620CEF-C21B-4616-93C7-7ABFC6930299}"
EndProject
Global
	GlobalSection(SolutionConfigurationPlatforms) = preSolution
		Debug|Any CPU = Debug|Any CPU
		Release|Any CPU = Release|Any CPU
	EndGlobalSection
	GlobalSection(ProjectConfigurationPlatforms) = postSolution
		{8E620CEF-C21B-4616-93C7-7ABFC6930299}.Debug|Any CPU.ActiveCfg = Debug|Any CPU
		{8E620CEF-C21B-4616-93C7-7ABFC6930299}.Debug|Any CPU.Build.0 = Debug|Any CPU
		{8E620CEF-C21B-4616-93C7-7ABFC6930299}.Release|Any CPU.ActiveCfg = Release|Any CPU
		{8E620CEF-C21B-4616-93C7-7ABFC6930299}.Release|Any CPU.Build.0 = Release|Any CPU
	EndGlobalSection
	GlobalSection(SolutionProperties) = preSolution
		HideSolutionNode = FALSE
	EndGlobalSection
	GlobalSection(ExtensibilityGlobals) = postSolution
		SolutionGuid = {48CF902E-BD9E-420A-9B00-3098649D1EAC}
	EndGlobalSection
EndGlobal
